// !$*UTF8*$!
{
	archiveVersion = 1;
	classes = {
	};
	objectVersion = 46;
	objects = {

/* Begin PBXBuildFile section */
		F8039AA7157C65B4005903AC /* imeeting_iphone-Info.plist in Resources */ = {isa = PBXBuildFile; fileRef = F863C869157C61320045C08C /* imeeting_iphone-Info.plist */; };
		F814E281157CA08B00FBBB19 /* MobileCoreServices.framework in Frameworks */ = {isa = PBXBuildFile; fileRef = F814E27F157CA07800FBBB19 /* MobileCoreServices.framework */; };
		F814E284157CA0AB00FBBB19 /* SystemConfiguration.framework in Frameworks */ = {isa = PBXBuildFile; fileRef = F814E282157CA09600FBBB19 /* SystemConfiguration.framework */; };
		F814E286157CA0B600FBBB19 /* CFNetwork.framework in Frameworks */ = {isa = PBXBuildFile; fileRef = F814E285157CA0B600FBBB19 /* CFNetwork.framework */; };
		F814E288157CA0CE00FBBB19 /* libz.1.2.5.dylib in Frameworks */ = {isa = PBXBuildFile; fileRef = F814E287157CA0CE00FBBB19 /* libz.1.2.5.dylib */; };
		F863C862157C61320045C08C /* UIKit.framework in Frameworks */ = {isa = PBXBuildFile; fileRef = F863C861157C61320045C08C /* UIKit.framework */; };
		F863C864157C61320045C08C /* Foundation.framework in Frameworks */ = {isa = PBXBuildFile; fileRef = F863C863157C61320045C08C /* Foundation.framework */; };
		F863C866157C61320045C08C /* CoreGraphics.framework in Frameworks */ = {isa = PBXBuildFile; fileRef = F863C865157C61320045C08C /* CoreGraphics.framework */; };
		F863C86C157C61320045C08C /* InfoPlist.strings in Resources */ = {isa = PBXBuildFile; fileRef = F863C86A157C61320045C08C /* InfoPlist.strings */; };
		F863C86E157C61320045C08C /* main.m in Sources */ = {isa = PBXBuildFile; fileRef = F863C86D157C61320045C08C /* main.m */; };
		F863C872157C61320045C08C /* ECAppDelegate.m in Sources */ = {isa = PBXBuildFile; fileRef = F863C871157C61320045C08C /* ECAppDelegate.m */; };
		F863C87A157C61320045C08C /* SenTestingKit.framework in Frameworks */ = {isa = PBXBuildFile; fileRef = F863C879157C61320045C08C /* SenTestingKit.framework */; };
		F863C87B157C61320045C08C /* UIKit.framework in Frameworks */ = {isa = PBXBuildFile; fileRef = F863C861157C61320045C08C /* UIKit.framework */; };
		F863C87C157C61320045C08C /* Foundation.framework in Frameworks */ = {isa = PBXBuildFile; fileRef = F863C863157C61320045C08C /* Foundation.framework */; };
		F863C884157C61320045C08C /* InfoPlist.strings in Resources */ = {isa = PBXBuildFile; fileRef = F863C882157C61320045C08C /* InfoPlist.strings */; };
		F863C887157C61320045C08C /* imeeting_iphoneTests.m in Sources */ = {isa = PBXBuildFile; fileRef = F863C886157C61320045C08C /* imeeting_iphoneTests.m */; };
		F863C896157C65250045C08C /* Localizable.strings in Resources */ = {isa = PBXBuildFile; fileRef = F863C894157C65250045C08C /* Localizable.strings */; };
		F87BF5E11585DE3E00339C0C /* ECMainPageView.m in Sources */ = {isa = PBXBuildFile; fileRef = F87BF5E01585DE3E00339C0C /* ECMainPageView.m */; };
		F87BF5E41585DE6500339C0C /* ECMainPageViewController.m in Sources */ = {isa = PBXBuildFile; fileRef = F87BF5E31585DE6500339C0C /* ECMainPageViewController.m */; };
		F8AD9458158872EC007B3C87 /* ECGroupCell.m in Sources */ = {isa = PBXBuildFile; fileRef = F8AD9457158872EC007B3C87 /* ECGroupCell.m */; };
		F8D5E35C157EEF30005B5581 /* ECRegisterViewController.m in Sources */ = {isa = PBXBuildFile; fileRef = F8D5E35B157EEF30005B5581 /* ECRegisterViewController.m */; };
		F8D5E35F157EEF3A005B5581 /* ECRegisterUIView.m in Sources */ = {isa = PBXBuildFile; fileRef = F8D5E35E157EEF3A005B5581 /* ECRegisterUIView.m */; };
		F8E3BEC8158EC57200467088 /* QuartzCore.framework in Frameworks */ = {isa = PBXBuildFile; fileRef = F8E3BEC7158EC57200467088 /* QuartzCore.framework */; };
		F8E3BED7158F0EAC00467088 /* CommonToolkit.framework in Frameworks */ = {isa = PBXBuildFile; fileRef = F8E3BED6158F0EAC00467088 /* CommonToolkit.framework */; };
		F8E3BEE8158F1F9100467088 /* UserBean+IMeeting.m in Sources */ = {isa = PBXBuildFile; fileRef = F8E3BEE7158F1F9100467088 /* UserBean+IMeeting.m */; };
		F8E3BF08158F327700467088 /* AddressBook.framework in Frameworks */ = {isa = PBXBuildFile; fileRef = F8E3BF07158F327600467088 /* AddressBook.framework */; };
		F8E3BF0B158F3F7C00467088 /* CommonToolkitBundle.bundle in Resources */ = {isa = PBXBuildFile; fileRef = F8E3BF0A158F3F7C00467088 /* CommonToolkitBundle.bundle */; };
		F8E49FDB1580B74300E8B2C0 /* ECLoginUIView.m in Sources */ = {isa = PBXBuildFile; fileRef = F8E49FDA1580B74300E8B2C0 /* ECLoginUIView.m */; };
		F8E49FDE1580B76B00E8B2C0 /* ECLoginViewController.m in Sources */ = {isa = PBXBuildFile; fileRef = F8E49FDD1580B76B00E8B2C0 /* ECLoginViewController.m */; };
		F8E58F7E1597F9A200CC2F1C /* ECGroupManager.m in Sources */ = {isa = PBXBuildFile; fileRef = F8E58F7D1597F9A200CC2F1C /* ECGroupManager.m */; };
		F8E58F821597FA2A00CC2F1C /* ECGroupModule.m in Sources */ = {isa = PBXBuildFile; fileRef = F8E58F811597FA2A00CC2F1C /* ECGroupModule.m */; };
		F8E58F8715983CFA00CC2F1C /* add_contact.png in Resources */ = {isa = PBXBuildFile; fileRef = F8E58F8615983CFA00CC2F1C /* add_contact.png */; };
		F8E58F891598440900CC2F1C /* buttonbg.png in Resources */ = {isa = PBXBuildFile; fileRef = F8E58F881598440900CC2F1C /* buttonbg.png */; };
		F8E58F8B159849C800CC2F1C /* buttonbg2.png in Resources */ = {isa = PBXBuildFile; fileRef = F8E58F8A159849C700CC2F1C /* buttonbg2.png */; };
		F8E58F8D15985AE300CC2F1C /* guydefault.png in Resources */ = {isa = PBXBuildFile; fileRef = F8E58F8C15985AE300CC2F1C /* guydefault.png */; };
		F8E58F951598695300CC2F1C /* voice_off.png in Resources */ = {isa = PBXBuildFile; fileRef = F8E58F931598695300CC2F1C /* voice_off.png */; };
		F8E58F961598695300CC2F1C /* voice_on.png in Resources */ = {isa = PBXBuildFile; fileRef = F8E58F941598695300CC2F1C /* voice_on.png */; };
		F8E58F981598742A00CC2F1C /* camera.png in Resources */ = {isa = PBXBuildFile; fileRef = F8E58F971598742A00CC2F1C /* camera.png */; };
		F8ED85871592CDFE00E38F0C /* camera_off.png in Resources */ = {isa = PBXBuildFile; fileRef = F8ED85851592CDFE00E38F0C /* camera_off.png */; };
		F8ED85881592CDFE00E38F0C /* camera_on.png in Resources */ = {isa = PBXBuildFile; fileRef = F8ED85861592CDFE00E38F0C /* camera_on.png */; };
		F8ED858F15931AB800E38F0C /* gerlor_001.png in Resources */ = {isa = PBXBuildFile; fileRef = F8ED858E15931AB800E38F0C /* gerlor_001.png */; };
		F8ED8AAA1581974F009ECF13 /* ECBaseUIView.m in Sources */ = {isa = PBXBuildFile; fileRef = F8ED8AA91581974F009ECF13 /* ECBaseUIView.m */; };
		F8EED883159457420072FD39 /* ECGroupAttendeeListView.m in Sources */ = {isa = PBXBuildFile; fileRef = F8EED882159457420072FD39 /* ECGroupAttendeeListView.m */; };
		F8EED8871594575B0072FD39 /* ECGroupAttendeeListViewController.m in Sources */ = {isa = PBXBuildFile; fileRef = F8EED8861594575B0072FD39 /* ECGroupAttendeeListViewController.m */; };
		F8FA19661591781D00947304 /* guy.png in Resources */ = {isa = PBXBuildFile; fileRef = F8FA19651591781D00947304 /* guy.png */; };
		F8FA196A15917A1E00947304 /* guy2.png in Resources */ = {isa = PBXBuildFile; fileRef = F8FA196915917A1E00947304 /* guy2.png */; };
		F8FA19731591E73100947304 /* ECGroupVideoView.m in Sources */ = {isa = PBXBuildFile; fileRef = F8FA19721591E73100947304 /* ECGroupVideoView.m */; };
		F8FA19761591E76700947304 /* ECGroupVideoViewController.m in Sources */ = {isa = PBXBuildFile; fileRef = F8FA19751591E76700947304 /* ECGroupVideoViewController.m */; };
/* End PBXBuildFile section */

/* Begin PBXContainerItemProxy section */
		F863C87D157C61320045C08C /* PBXContainerItemProxy */ = {
			isa = PBXContainerItemProxy;
			containerPortal = F863C854157C61320045C08C /* Project object */;
			proxyType = 1;
			remoteGlobalIDString = F863C85C157C61320045C08C;
			remoteInfo = imeeting_iphone;
		};
/* End PBXContainerItemProxy section */

/* Begin PBXFileReference section */
		F8039AA6157C65B4005903AC /* en */ = {isa = PBXFileReference; lastKnownFileType = text.plist.strings; name = en; path = en.lproj/Localizable.strings; sourceTree = "<group>"; };
		F8050CD11589852E00024951 /* ECConstants.h */ = {isa = PBXFileReference; fileEncoding = 4; lastKnownFileType = sourcecode.c.h; path = ECConstants.h; sourceTree = "<group>"; };
		F814E27F157CA07800FBBB19 /* MobileCoreServices.framework */ = {isa = PBXFileReference; lastKnownFileType = wrapper.framework; name = MobileCoreServices.framework; path = System/Library/Frameworks/MobileCoreServices.framework; sourceTree = SDKROOT; };
		F814E282157CA09600FBBB19 /* SystemConfiguration.framework */ = {isa = PBXFileReference; lastKnownFileType = wrapper.framework; name = SystemConfiguration.framework; path = System/Library/Frameworks/SystemConfiguration.framework; sourceTree = SDKROOT; };
		F814E285157CA0B600FBBB19 /* CFNetwork.framework */ = {isa = PBXFileReference; lastKnownFileType = wrapper.framework; name = CFNetwork.framework; path = System/Library/Frameworks/CFNetwork.framework; sourceTree = SDKROOT; };
		F814E287157CA0CE00FBBB19 /* libz.1.2.5.dylib */ = {isa = PBXFileReference; lastKnownFileType = "compiled.mach-o.dylib"; name = libz.1.2.5.dylib; path = usr/lib/libz.1.2.5.dylib; sourceTree = SDKROOT; };
		F863C85D157C61320045C08C /* imeeting_iphone.app */ = {isa = PBXFileReference; explicitFileType = wrapper.application; includeInIndex = 0; path = imeeting_iphone.app; sourceTree = BUILT_PRODUCTS_DIR; };
		F863C861157C61320045C08C /* UIKit.framework */ = {isa = PBXFileReference; lastKnownFileType = wrapper.framework; name = UIKit.framework; path = System/Library/Frameworks/UIKit.framework; sourceTree = SDKROOT; };
		F863C863157C61320045C08C /* Foundation.framework */ = {isa = PBXFileReference; lastKnownFileType = wrapper.framework; name = Foundation.framework; path = System/Library/Frameworks/Foundation.framework; sourceTree = SDKROOT; };
		F863C865157C61320045C08C /* CoreGraphics.framework */ = {isa = PBXFileReference; lastKnownFileType = wrapper.framework; name = CoreGraphics.framework; path = System/Library/Frameworks/CoreGraphics.framework; sourceTree = SDKROOT; };
		F863C869157C61320045C08C /* imeeting_iphone-Info.plist */ = {isa = PBXFileReference; fileEncoding = 4; lastKnownFileType = text.plist.xml; path = "imeeting_iphone-Info.plist"; sourceTree = "<group>"; };
		F863C86B157C61320045C08C /* en */ = {isa = PBXFileReference; lastKnownFileType = text.plist.strings; name = en; path = en.lproj/InfoPlist.strings; sourceTree = "<group>"; };
		F863C86D157C61320045C08C /* main.m */ = {isa = PBXFileReference; lastKnownFileType = sourcecode.c.objc; path = main.m; sourceTree = "<group>"; };
		F863C86F157C61320045C08C /* imeeting_iphone-Prefix.pch */ = {isa = PBXFileReference; lastKnownFileType = sourcecode.c.h; path = "imeeting_iphone-Prefix.pch"; sourceTree = "<group>"; };
		F863C870157C61320045C08C /* ECAppDelegate.h */ = {isa = PBXFileReference; lastKnownFileType = sourcecode.c.h; path = ECAppDelegate.h; sourceTree = "<group>"; };
		F863C871157C61320045C08C /* ECAppDelegate.m */ = {isa = PBXFileReference; lastKnownFileType = sourcecode.c.objc; path = ECAppDelegate.m; sourceTree = "<group>"; };
		F863C878157C61320045C08C /* imeeting_iphoneTests.octest */ = {isa = PBXFileReference; explicitFileType = wrapper.cfbundle; includeInIndex = 0; path = imeeting_iphoneTests.octest; sourceTree = BUILT_PRODUCTS_DIR; };
		F863C879157C61320045C08C /* SenTestingKit.framework */ = {isa = PBXFileReference; lastKnownFileType = wrapper.framework; name = SenTestingKit.framework; path = Library/Frameworks/SenTestingKit.framework; sourceTree = DEVELOPER_DIR; };
		F863C881157C61320045C08C /* imeeting_iphoneTests-Info.plist */ = {isa = PBXFileReference; lastKnownFileType = text.plist.xml; path = "imeeting_iphoneTests-Info.plist"; sourceTree = "<group>"; };
		F863C883157C61320045C08C /* en */ = {isa = PBXFileReference; lastKnownFileType = text.plist.strings; name = en; path = en.lproj/InfoPlist.strings; sourceTree = "<group>"; };
		F863C885157C61320045C08C /* imeeting_iphoneTests.h */ = {isa = PBXFileReference; lastKnownFileType = sourcecode.c.h; path = imeeting_iphoneTests.h; sourceTree = "<group>"; };
		F863C886157C61320045C08C /* imeeting_iphoneTests.m */ = {isa = PBXFileReference; lastKnownFileType = sourcecode.c.objc; path = imeeting_iphoneTests.m; sourceTree = "<group>"; };
		F863C892157C62170045C08C /* zh-Hans */ = {isa = PBXFileReference; lastKnownFileType = text.plist.strings; name = "zh-Hans"; path = "/Users/star/workspace/xcode/imeeting/imeeting_iphone/imeeting_iphone/zh-Hans.lproj/InfoPlist.strings"; sourceTree = "<absolute>"; };
		F863C893157C62170045C08C /* zh-Hans */ = {isa = PBXFileReference; lastKnownFileType = text.plist.strings; name = "zh-Hans"; path = "/Users/star/workspace/xcode/imeeting/imeeting_iphone/imeeting_iphoneTests/zh-Hans.lproj/InfoPlist.strings"; sourceTree = "<absolute>"; };
		F863C895157C65250045C08C /* zh-Hans */ = {isa = PBXFileReference; lastKnownFileType = text.plist.strings; name = "zh-Hans"; path = "zh-Hans.lproj/Localizable.strings"; sourceTree = "<group>"; };
		F87BF5DF1585DE3E00339C0C /* ECMainPageView.h */ = {isa = PBXFileReference; fileEncoding = 4; lastKnownFileType = sourcecode.c.h; name = ECMainPageView.h; path = mainpage/ECMainPageView.h; sourceTree = "<group>"; };
		F87BF5E01585DE3E00339C0C /* ECMainPageView.m */ = {isa = PBXFileReference; fileEncoding = 4; lastKnownFileType = sourcecode.c.objc; name = ECMainPageView.m; path = mainpage/ECMainPageView.m; sourceTree = "<group>"; };
		F87BF5E21585DE6500339C0C /* ECMainPageViewController.h */ = {isa = PBXFileReference; fileEncoding = 4; lastKnownFileType = sourcecode.c.h; name = ECMainPageViewController.h; path = mainpage/ECMainPageViewController.h; sourceTree = "<group>"; };
		F87BF5E31585DE6500339C0C /* ECMainPageViewController.m */ = {isa = PBXFileReference; fileEncoding = 4; lastKnownFileType = sourcecode.c.objc; name = ECMainPageViewController.m; path = mainpage/ECMainPageViewController.m; sourceTree = "<group>"; };
		F8AD9456158872EC007B3C87 /* ECGroupCell.h */ = {isa = PBXFileReference; fileEncoding = 4; lastKnownFileType = sourcecode.c.h; name = ECGroupCell.h; path = mainpage/ECGroupCell.h; sourceTree = "<group>"; };
		F8AD9457158872EC007B3C87 /* ECGroupCell.m */ = {isa = PBXFileReference; fileEncoding = 4; lastKnownFileType = sourcecode.c.objc; name = ECGroupCell.m; path = mainpage/ECGroupCell.m; sourceTree = "<group>"; };
		F8D5E35A157EEF30005B5581 /* ECRegisterViewController.h */ = {isa = PBXFileReference; fileEncoding = 4; lastKnownFileType = sourcecode.c.h; name = ECRegisterViewController.h; path = system/controller/ECRegisterViewController.h; sourceTree = "<group>"; };
		F8D5E35B157EEF30005B5581 /* ECRegisterViewController.m */ = {isa = PBXFileReference; fileEncoding = 4; lastKnownFileType = sourcecode.c.objc; name = ECRegisterViewController.m; path = system/controller/ECRegisterViewController.m; sourceTree = "<group>"; };
		F8D5E35D157EEF3A005B5581 /* ECRegisterUIView.h */ = {isa = PBXFileReference; fileEncoding = 4; lastKnownFileType = sourcecode.c.h; name = ECRegisterUIView.h; path = system/views/ECRegisterUIView.h; sourceTree = "<group>"; };
		F8D5E35E157EEF3A005B5581 /* ECRegisterUIView.m */ = {isa = PBXFileReference; fileEncoding = 4; lastKnownFileType = sourcecode.c.objc; name = ECRegisterUIView.m; path = system/views/ECRegisterUIView.m; sourceTree = "<group>"; };
		F8E3BEC7158EC57200467088 /* QuartzCore.framework */ = {isa = PBXFileReference; lastKnownFileType = wrapper.framework; name = QuartzCore.framework; path = System/Library/Frameworks/QuartzCore.framework; sourceTree = SDKROOT; };
		F8E3BED6158F0EAC00467088 /* CommonToolkit.framework */ = {isa = PBXFileReference; lastKnownFileType = wrapper.framework; name = CommonToolkit.framework; path = "../Build/Products/Debug-iphonesimulator/CommonToolkit.framework"; sourceTree = "<group>"; };
		F8E3BEE6158F1F9100467088 /* UserBean+IMeeting.h */ = {isa = PBXFileReference; fileEncoding = 4; lastKnownFileType = sourcecode.c.h; name = "UserBean+IMeeting.h"; path = "system/user/UserBean+IMeeting.h"; sourceTree = "<group>"; };
		F8E3BEE7158F1F9100467088 /* UserBean+IMeeting.m */ = {isa = PBXFileReference; fileEncoding = 4; lastKnownFileType = sourcecode.c.objc; name = "UserBean+IMeeting.m"; path = "system/user/UserBean+IMeeting.m"; sourceTree = "<group>"; };
		F8E3BF07158F327600467088 /* AddressBook.framework */ = {isa = PBXFileReference; lastKnownFileType = wrapper.framework; name = AddressBook.framework; path = System/Library/Frameworks/AddressBook.framework; sourceTree = SDKROOT; };
		F8E3BF0A158F3F7C00467088 /* CommonToolkitBundle.bundle */ = {isa = PBXFileReference; lastKnownFileType = "wrapper.plug-in"; name = CommonToolkitBundle.bundle; path = "../Build/Products/Debug-iphonesimulator/CommonToolkitBundle.bundle"; sourceTree = "<group>"; };
		F8E49FD91580B74300E8B2C0 /* ECLoginUIView.h */ = {isa = PBXFileReference; fileEncoding = 4; lastKnownFileType = sourcecode.c.h; name = ECLoginUIView.h; path = system/views/ECLoginUIView.h; sourceTree = "<group>"; };
		F8E49FDA1580B74300E8B2C0 /* ECLoginUIView.m */ = {isa = PBXFileReference; fileEncoding = 4; lastKnownFileType = sourcecode.c.objc; name = ECLoginUIView.m; path = system/views/ECLoginUIView.m; sourceTree = "<group>"; };
		F8E49FDC1580B76B00E8B2C0 /* ECLoginViewController.h */ = {isa = PBXFileReference; fileEncoding = 4; lastKnownFileType = sourcecode.c.h; name = ECLoginViewController.h; path = system/controller/ECLoginViewController.h; sourceTree = "<group>"; };
		F8E49FDD1580B76B00E8B2C0 /* ECLoginViewController.m */ = {isa = PBXFileReference; fileEncoding = 4; lastKnownFileType = sourcecode.c.objc; name = ECLoginViewController.m; path = system/controller/ECLoginViewController.m; sourceTree = "<group>"; };
		F8E58F7C1597F9A200CC2F1C /* ECGroupManager.h */ = {isa = PBXFileReference; fileEncoding = 4; lastKnownFileType = sourcecode.c.h; name = ECGroupManager.h; path = group/ECGroupManager.h; sourceTree = "<group>"; };
		F8E58F7D1597F9A200CC2F1C /* ECGroupManager.m */ = {isa = PBXFileReference; fileEncoding = 4; lastKnownFileType = sourcecode.c.objc; name = ECGroupManager.m; path = group/ECGroupManager.m; sourceTree = "<group>"; };
		F8E58F801597FA2A00CC2F1C /* ECGroupModule.h */ = {isa = PBXFileReference; fileEncoding = 4; lastKnownFileType = sourcecode.c.h; name = ECGroupModule.h; path = group/ECGroupModule.h; sourceTree = "<group>"; };
		F8E58F811597FA2A00CC2F1C /* ECGroupModule.m */ = {isa = PBXFileReference; fileEncoding = 4; lastKnownFileType = sourcecode.c.objc; name = ECGroupModule.m; path = group/ECGroupModule.m; sourceTree = "<group>"; };
		F8E58F8615983CFA00CC2F1C /* add_contact.png */ = {isa = PBXFileReference; lastKnownFileType = image.png; name = add_contact.png; path = imeeting_iphone/Resources/images/add_contact.png; sourceTree = "<group>"; };
		F8E58F881598440900CC2F1C /* buttonbg.png */ = {isa = PBXFileReference; lastKnownFileType = image.png; name = buttonbg.png; path = imeeting_iphone/Resources/images/buttonbg.png; sourceTree = "<group>"; };
		F8E58F8A159849C700CC2F1C /* buttonbg2.png */ = {isa = PBXFileReference; lastKnownFileType = image.png; name = buttonbg2.png; path = imeeting_iphone/Resources/images/buttonbg2.png; sourceTree = "<group>"; };
		F8E58F8C15985AE300CC2F1C /* guydefault.png */ = {isa = PBXFileReference; lastKnownFileType = image.png; name = guydefault.png; path = imeeting_iphone/Resources/images/guydefault.png; sourceTree = "<group>"; };
		F8E58F931598695300CC2F1C /* voice_off.png */ = {isa = PBXFileReference; lastKnownFileType = image.png; name = voice_off.png; path = imeeting_iphone/Resources/images/voice_off.png; sourceTree = "<group>"; };
		F8E58F941598695300CC2F1C /* voice_on.png */ = {isa = PBXFileReference; lastKnownFileType = image.png; name = voice_on.png; path = imeeting_iphone/Resources/images/voice_on.png; sourceTree = "<group>"; };
		F8E58F971598742A00CC2F1C /* camera.png */ = {isa = PBXFileReference; lastKnownFileType = image.png; name = camera.png; path = imeeting_iphone/Resources/images/camera.png; sourceTree = "<group>"; };
		F8ED85851592CDFE00E38F0C /* camera_off.png */ = {isa = PBXFileReference; lastKnownFileType = image.png; name = camera_off.png; path = imeeting_iphone/Resources/images/camera_off.png; sourceTree = "<group>"; };
		F8ED85861592CDFE00E38F0C /* camera_on.png */ = {isa = PBXFileReference; lastKnownFileType = image.png; name = camera_on.png; path = imeeting_iphone/Resources/images/camera_on.png; sourceTree = "<group>"; };
		F8ED858E15931AB800E38F0C /* gerlor_001.png */ = {isa = PBXFileReference; lastKnownFileType = image.png; name = gerlor_001.png; path = imeeting_iphone/Resources/images/gerlor_001.png; sourceTree = "<group>"; };
		F8ED8AA81581974F009ECF13 /* ECBaseUIView.h */ = {isa = PBXFileReference; fileEncoding = 4; lastKnownFileType = sourcecode.c.h; path = ECBaseUIView.h; sourceTree = "<group>"; };
		F8ED8AA91581974F009ECF13 /* ECBaseUIView.m */ = {isa = PBXFileReference; fileEncoding = 4; lastKnownFileType = sourcecode.c.objc; path = ECBaseUIView.m; sourceTree = "<group>"; };
		F8ED8AB01581E817009ECF13 /* ECUrlConfig.h */ = {isa = PBXFileReference; fileEncoding = 4; lastKnownFileType = sourcecode.c.h; path = ECUrlConfig.h; sourceTree = "<group>"; };
		F8EED881159457420072FD39 /* ECGroupAttendeeListView.h */ = {isa = PBXFileReference; fileEncoding = 4; lastKnownFileType = sourcecode.c.h; name = ECGroupAttendeeListView.h; path = group/views/ECGroupAttendeeListView.h; sourceTree = "<group>"; };
		F8EED882159457420072FD39 /* ECGroupAttendeeListView.m */ = {isa = PBXFileReference; fileEncoding = 4; lastKnownFileType = sourcecode.c.objc; name = ECGroupAttendeeListView.m; path = group/views/ECGroupAttendeeListView.m; sourceTree = "<group>"; };
		F8EED8851594575B0072FD39 /* ECGroupAttendeeListViewController.h */ = {isa = PBXFileReference; fileEncoding = 4; lastKnownFileType = sourcecode.c.h; name = ECGroupAttendeeListViewController.h; path = group/controllers/ECGroupAttendeeListViewController.h; sourceTree = "<group>"; };
		F8EED8861594575B0072FD39 /* ECGroupAttendeeListViewController.m */ = {isa = PBXFileReference; fileEncoding = 4; lastKnownFileType = sourcecode.c.objc; name = ECGroupAttendeeListViewController.m; path = group/controllers/ECGroupAttendeeListViewController.m; sourceTree = "<group>"; };
		F8FA19651591781D00947304 /* guy.png */ = {isa = PBXFileReference; lastKnownFileType = image.png; name = guy.png; path = imeeting_iphone/Resources/images/guy.png; sourceTree = "<group>"; };
		F8FA196915917A1E00947304 /* guy2.png */ = {isa = PBXFileReference; lastKnownFileType = image.png; name = guy2.png; path = imeeting_iphone/Resources/images/guy2.png; sourceTree = "<group>"; };
		F8FA19711591E73100947304 /* ECGroupVideoView.h */ = {isa = PBXFileReference; fileEncoding = 4; lastKnownFileType = sourcecode.c.h; name = ECGroupVideoView.h; path = group/views/ECGroupVideoView.h; sourceTree = "<group>"; };
		F8FA19721591E73100947304 /* ECGroupVideoView.m */ = {isa = PBXFileReference; fileEncoding = 4; lastKnownFileType = sourcecode.c.objc; name = ECGroupVideoView.m; path = group/views/ECGroupVideoView.m; sourceTree = "<group>"; };
		F8FA19741591E76700947304 /* ECGroupVideoViewController.h */ = {isa = PBXFileReference; fileEncoding = 4; lastKnownFileType = sourcecode.c.h; name = ECGroupVideoViewController.h; path = group/controllers/ECGroupVideoViewController.h; sourceTree = "<group>"; };
		F8FA19751591E76700947304 /* ECGroupVideoViewController.m */ = {isa = PBXFileReference; fileEncoding = 4; lastKnownFileType = sourcecode.c.objc; name = ECGroupVideoViewController.m; path = group/controllers/ECGroupVideoViewController.m; sourceTree = "<group>"; };
/* End PBXFileReference section */

/* Begin PBXFrameworksBuildPhase section */
		F863C85A157C61320045C08C /* Frameworks */ = {
			isa = PBXFrameworksBuildPhase;
			buildActionMask = 2147483647;
			files = (
				F8E3BF08158F327700467088 /* AddressBook.framework in Frameworks */,
				F8E3BED7158F0EAC00467088 /* CommonToolkit.framework in Frameworks */,
				F8E3BEC8158EC57200467088 /* QuartzCore.framework in Frameworks */,
				F814E288157CA0CE00FBBB19 /* libz.1.2.5.dylib in Frameworks */,
				F814E286157CA0B600FBBB19 /* CFNetwork.framework in Frameworks */,
				F814E284157CA0AB00FBBB19 /* SystemConfiguration.framework in Frameworks */,
				F814E281157CA08B00FBBB19 /* MobileCoreServices.framework in Frameworks */,
				F863C862157C61320045C08C /* UIKit.framework in Frameworks */,
				F863C864157C61320045C08C /* Foundation.framework in Frameworks */,
				F863C866157C61320045C08C /* CoreGraphics.framework in Frameworks */,
			);
			runOnlyForDeploymentPostprocessing = 0;
		};
		F863C874157C61320045C08C /* Frameworks */ = {
			isa = PBXFrameworksBuildPhase;
			buildActionMask = 2147483647;
			files = (
				F863C87A157C61320045C08C /* SenTestingKit.framework in Frameworks */,
				F863C87B157C61320045C08C /* UIKit.framework in Frameworks */,
				F863C87C157C61320045C08C /* Foundation.framework in Frameworks */,
			);
			runOnlyForDeploymentPostprocessing = 0;
		};
/* End PBXFrameworksBuildPhase section */

/* Begin PBXGroup section */
		F814E289157CA16200FBBB19 /* System */ = {
			isa = PBXGroup;
			children = (
				F8E3BEE5158F1F4B00467088 /* User */,
				F8C9564E157DAC41008FDFD3 /* Register */,
				F8C9564D157DAC2F008FDFD3 /* Login */,
			);
			name = System;
			sourceTree = "<group>";
		};
		F863C852157C61320045C08C = {
			isa = PBXGroup;
			children = (
				F863C860157C61320045C08C /* Frameworks */,
				F863C867157C61320045C08C /* imeeting_iphone */,
				F863C87F157C61320045C08C /* imeeting_iphoneTests */,
				F863C85E157C61320045C08C /* Products */,
			);
			sourceTree = "<group>";
		};
		F863C85E157C61320045C08C /* Products */ = {
			isa = PBXGroup;
			children = (
				F863C85D157C61320045C08C /* imeeting_iphone.app */,
				F863C878157C61320045C08C /* imeeting_iphoneTests.octest */,
			);
			name = Products;
			sourceTree = "<group>";
		};
		F863C860157C61320045C08C /* Frameworks */ = {
			isa = PBXGroup;
			children = (
				F8E3BF07158F327600467088 /* AddressBook.framework */,
				F8E3BED6158F0EAC00467088 /* CommonToolkit.framework */,
				F8E3BEC7158EC57200467088 /* QuartzCore.framework */,
				F814E287157CA0CE00FBBB19 /* libz.1.2.5.dylib */,
				F814E285157CA0B600FBBB19 /* CFNetwork.framework */,
				F814E282157CA09600FBBB19 /* SystemConfiguration.framework */,
				F814E27F157CA07800FBBB19 /* MobileCoreServices.framework */,
				F863C861157C61320045C08C /* UIKit.framework */,
				F863C863157C61320045C08C /* Foundation.framework */,
				F863C865157C61320045C08C /* CoreGraphics.framework */,
				F863C879157C61320045C08C /* SenTestingKit.framework */,
			);
			name = Frameworks;
			sourceTree = "<group>";
		};
		F863C867157C61320045C08C /* imeeting_iphone */ = {
			isa = PBXGroup;
			children = (
				F8F1A743158B1292003F1EE8 /* Resources */,
				F8E49FD41580555400E8B2C0 /* Config */,
				F863C870157C61320045C08C /* ECAppDelegate.h */,
				F863C871157C61320045C08C /* ECAppDelegate.m */,
				F8DECFA0157C6F9600BED245 /* AppViews */,
				F863C868157C61320045C08C /* Supporting Files */,
			);
			path = imeeting_iphone;
			sourceTree = "<group>";
		};
		F863C868157C61320045C08C /* Supporting Files */ = {
			isa = PBXGroup;
			children = (
				F863C869157C61320045C08C /* imeeting_iphone-Info.plist */,
				F863C86A157C61320045C08C /* InfoPlist.strings */,
				F863C86D157C61320045C08C /* main.m */,
				F863C86F157C61320045C08C /* imeeting_iphone-Prefix.pch */,
				F863C894157C65250045C08C /* Localizable.strings */,
			);
			name = "Supporting Files";
			sourceTree = "<group>";
		};
		F863C87F157C61320045C08C /* imeeting_iphoneTests */ = {
			isa = PBXGroup;
			children = (
				F863C885157C61320045C08C /* imeeting_iphoneTests.h */,
				F863C886157C61320045C08C /* imeeting_iphoneTests.m */,
				F863C880157C61320045C08C /* Supporting Files */,
			);
			path = imeeting_iphoneTests;
			sourceTree = "<group>";
		};
		F863C880157C61320045C08C /* Supporting Files */ = {
			isa = PBXGroup;
			children = (
				F863C881157C61320045C08C /* imeeting_iphoneTests-Info.plist */,
				F863C882157C61320045C08C /* InfoPlist.strings */,
			);
			name = "Supporting Files";
			sourceTree = "<group>";
		};
		F87BF5DE1585DD9A00339C0C /* MainPage */ = {
			isa = PBXGroup;
			children = (
				F87BF5DF1585DE3E00339C0C /* ECMainPageView.h */,
				F87BF5E01585DE3E00339C0C /* ECMainPageView.m */,
				F87BF5E21585DE6500339C0C /* ECMainPageViewController.h */,
				F87BF5E31585DE6500339C0C /* ECMainPageViewController.m */,
				F8AD9456158872EC007B3C87 /* ECGroupCell.h */,
				F8AD9457158872EC007B3C87 /* ECGroupCell.m */,
			);
			name = MainPage;
			sourceTree = "<group>";
		};
		F8C9564D157DAC2F008FDFD3 /* Login */ = {
			isa = PBXGroup;
			children = (
				F8E49FD91580B74300E8B2C0 /* ECLoginUIView.h */,
				F8E49FDA1580B74300E8B2C0 /* ECLoginUIView.m */,
				F8E49FDC1580B76B00E8B2C0 /* ECLoginViewController.h */,
				F8E49FDD1580B76B00E8B2C0 /* ECLoginViewController.m */,
			);
			name = Login;
			sourceTree = "<group>";
		};
		F8C9564E157DAC41008FDFD3 /* Register */ = {
			isa = PBXGroup;
			children = (
				F8D5E35D157EEF3A005B5581 /* ECRegisterUIView.h */,
				F8D5E35E157EEF3A005B5581 /* ECRegisterUIView.m */,
				F8D5E35A157EEF30005B5581 /* ECRegisterViewController.h */,
				F8D5E35B157EEF30005B5581 /* ECRegisterViewController.m */,
			);
			name = Register;
			sourceTree = "<group>";
		};
		F8DECFA0157C6F9600BED245 /* AppViews */ = {
			isa = PBXGroup;
			children = (
				F8FA196B1591DFBA00947304 /* Group */,
				F87BF5DE1585DD9A00339C0C /* MainPage */,
				F8ED8AA81581974F009ECF13 /* ECBaseUIView.h */,
				F8ED8AA91581974F009ECF13 /* ECBaseUIView.m */,
				F814E289157CA16200FBBB19 /* System */,
			);
			name = AppViews;
			path = appViews;
			sourceTree = "<group>";
		};
		F8E3BEE5158F1F4B00467088 /* User */ = {
			isa = PBXGroup;
			children = (
				F8E3BEE6158F1F9100467088 /* UserBean+IMeeting.h */,
				F8E3BEE7158F1F9100467088 /* UserBean+IMeeting.m */,
			);
			name = User;
			sourceTree = "<group>";
		};
		F8E49FD41580555400E8B2C0 /* Config */ = {
			isa = PBXGroup;
			children = (
				F8ED8AB01581E817009ECF13 /* ECUrlConfig.h */,
				F8050CD11589852E00024951 /* ECConstants.h */,
			);
			name = Config;
			path = imeeting_iphone/config;
			sourceTree = SOURCE_ROOT;
		};
		F8F1A743158B1292003F1EE8 /* Resources */ = {
			isa = PBXGroup;
			children = (
				F8E58F971598742A00CC2F1C /* camera.png */,
				F8E58F931598695300CC2F1C /* voice_off.png */,
				F8E58F941598695300CC2F1C /* voice_on.png */,
				F8E58F8C15985AE300CC2F1C /* guydefault.png */,
				F8E58F8A159849C700CC2F1C /* buttonbg2.png */,
				F8E58F881598440900CC2F1C /* buttonbg.png */,
				F8E58F8615983CFA00CC2F1C /* add_contact.png */,
				F8ED858E15931AB800E38F0C /* gerlor_001.png */,
				F8ED85851592CDFE00E38F0C /* camera_off.png */,
				F8ED85861592CDFE00E38F0C /* camera_on.png */,
				F8FA196915917A1E00947304 /* guy2.png */,
				F8FA19651591781D00947304 /* guy.png */,
				F8E3BF0A158F3F7C00467088 /* CommonToolkitBundle.bundle */,
			);
			name = Resources;
			path = ..;
			sourceTree = "<group>";
		};
		F8FA196B1591DFBA00947304 /* Group */ = {
			isa = PBXGroup;
			children = (
				F8FA19701591E6C200947304 /* AttendeeListPage */,
				F8FA196F1591E5FE00947304 /* VideoPage */,
				F8E58F7C1597F9A200CC2F1C /* ECGroupManager.h */,
				F8E58F7D1597F9A200CC2F1C /* ECGroupManager.m */,
				F8E58F801597FA2A00CC2F1C /* ECGroupModule.h */,
				F8E58F811597FA2A00CC2F1C /* ECGroupModule.m */,
			);
			name = Group;
			sourceTree = "<group>";
		};
		F8FA196F1591E5FE00947304 /* VideoPage */ = {
			isa = PBXGroup;
			children = (
				F8FA19711591E73100947304 /* ECGroupVideoView.h */,
				F8FA19721591E73100947304 /* ECGroupVideoView.m */,
				F8FA19741591E76700947304 /* ECGroupVideoViewController.h */,
				F8FA19751591E76700947304 /* ECGroupVideoViewController.m */,
			);
			name = VideoPage;
			sourceTree = "<group>";
		};
		F8FA19701591E6C200947304 /* AttendeeListPage */ = {
			isa = PBXGroup;
			children = (
				F8EED881159457420072FD39 /* ECGroupAttendeeListView.h */,
				F8EED882159457420072FD39 /* ECGroupAttendeeListView.m */,
				F8EED8851594575B0072FD39 /* ECGroupAttendeeListViewController.h */,
				F8EED8861594575B0072FD39 /* ECGroupAttendeeListViewController.m */,
			);
			name = AttendeeListPage;
			sourceTree = "<group>";
		};
/* End PBXGroup section */

/* Begin PBXNativeTarget section */
		F863C85C157C61320045C08C /* imeeting_iphone */ = {
			isa = PBXNativeTarget;
			buildConfigurationList = F863C88A157C61320045C08C /* Build configuration list for PBXNativeTarget "imeeting_iphone" */;
			buildPhases = (
				F863C859157C61320045C08C /* Sources */,
				F863C85B157C61320045C08C /* Resources */,
				F863C85A157C61320045C08C /* Frameworks */,
			);
			buildRules = (
			);
			dependencies = (
			);
			name = imeeting_iphone;
			productName = imeeting_iphone;
			productReference = F863C85D157C61320045C08C /* imeeting_iphone.app */;
			productType = "com.apple.product-type.application";
		};
		F863C877157C61320045C08C /* imeeting_iphoneTests */ = {
			isa = PBXNativeTarget;
			buildConfigurationList = F863C88D157C61320045C08C /* Build configuration list for PBXNativeTarget "imeeting_iphoneTests" */;
			buildPhases = (
				F863C873157C61320045C08C /* Sources */,
				F863C874157C61320045C08C /* Frameworks */,
				F863C875157C61320045C08C /* Resources */,
				F863C876157C61320045C08C /* ShellScript */,
			);
			buildRules = (
			);
			dependencies = (
				F863C87E157C61320045C08C /* PBXTargetDependency */,
			);
			name = imeeting_iphoneTests;
			productName = imeeting_iphoneTests;
			productReference = F863C878157C61320045C08C /* imeeting_iphoneTests.octest */;
			productType = "com.apple.product-type.bundle";
		};
/* End PBXNativeTarget section */

/* Begin PBXProject section */
		F863C854157C61320045C08C /* Project object */ = {
			isa = PBXProject;
			attributes = {
				CLASSPREFIX = EC;
				LastUpgradeCheck = 0430;
				ORGANIZATIONNAME = "elegant cloud";
			};
			buildConfigurationList = F863C857157C61320045C08C /* Build configuration list for PBXProject "imeeting_iphone" */;
			compatibilityVersion = "Xcode 3.2";
			developmentRegion = English;
			hasScannedForEncodings = 0;
			knownRegions = (
				en,
				"zh-Hans",
			);
			mainGroup = F863C852157C61320045C08C;
			productRefGroup = F863C85E157C61320045C08C /* Products */;
			projectDirPath = "";
			projectRoot = "";
			targets = (
				F863C85C157C61320045C08C /* imeeting_iphone */,
				F863C877157C61320045C08C /* imeeting_iphoneTests */,
			);
		};
/* End PBXProject section */

/* Begin PBXResourcesBuildPhase section */
		F863C85B157C61320045C08C /* Resources */ = {
			isa = PBXResourcesBuildPhase;
			buildActionMask = 2147483647;
			files = (
				F8E3BF0B158F3F7C00467088 /* CommonToolkitBundle.bundle in Resources */,
				F863C86C157C61320045C08C /* InfoPlist.strings in Resources */,
				F863C896157C65250045C08C /* Localizable.strings in Resources */,
				F8039AA7157C65B4005903AC /* imeeting_iphone-Info.plist in Resources */,
				F8FA19661591781D00947304 /* guy.png in Resources */,
				F8FA196A15917A1E00947304 /* guy2.png in Resources */,
				F8ED85871592CDFE00E38F0C /* camera_off.png in Resources */,
				F8ED85881592CDFE00E38F0C /* camera_on.png in Resources */,
				F8ED858F15931AB800E38F0C /* gerlor_001.png in Resources */,
				F8E58F8715983CFA00CC2F1C /* add_contact.png in Resources */,
				F8E58F891598440900CC2F1C /* buttonbg.png in Resources */,
				F8E58F8B159849C800CC2F1C /* buttonbg2.png in Resources */,
				F8E58F8D15985AE300CC2F1C /* guydefault.png in Resources */,
				F8E58F951598695300CC2F1C /* voice_off.png in Resources */,
				F8E58F961598695300CC2F1C /* voice_on.png in Resources */,
				F8E58F981598742A00CC2F1C /* camera.png in Resources */,
			);
			runOnlyForDeploymentPostprocessing = 0;
		};
		F863C875157C61320045C08C /* Resources */ = {
			isa = PBXResourcesBuildPhase;
			buildActionMask = 2147483647;
			files = (
				F863C884157C61320045C08C /* InfoPlist.strings in Resources */,
			);
			runOnlyForDeploymentPostprocessing = 0;
		};
/* End PBXResourcesBuildPhase section */

/* Begin PBXShellScriptBuildPhase section */
		F863C876157C61320045C08C /* ShellScript */ = {
			isa = PBXShellScriptBuildPhase;
			buildActionMask = 2147483647;
			files = (
			);
			inputPaths = (
			);
			outputPaths = (
			);
			runOnlyForDeploymentPostprocessing = 0;
			shellPath = /bin/sh;
			shellScript = "# Run the unit tests in this test bundle.\n\"${SYSTEM_DEVELOPER_DIR}/Tools/RunUnitTests\"\n";
		};
/* End PBXShellScriptBuildPhase section */

/* Begin PBXSourcesBuildPhase section */
		F863C859157C61320045C08C /* Sources */ = {
			isa = PBXSourcesBuildPhase;
			buildActionMask = 2147483647;
			files = (
				F863C86E157C61320045C08C /* main.m in Sources */,
				F863C872157C61320045C08C /* ECAppDelegate.m in Sources */,
				F8D5E35C157EEF30005B5581 /* ECRegisterViewController.m in Sources */,
				F8D5E35F157EEF3A005B5581 /* ECRegisterUIView.m in Sources */,
				F8E49FDB1580B74300E8B2C0 /* ECLoginUIView.m in Sources */,
				F8E49FDE1580B76B00E8B2C0 /* ECLoginViewController.m in Sources */,
				F8ED8AAA1581974F009ECF13 /* ECBaseUIView.m in Sources */,
				F87BF5E11585DE3E00339C0C /* ECMainPageView.m in Sources */,
				F87BF5E41585DE6500339C0C /* ECMainPageViewController.m in Sources */,
				F8AD9458158872EC007B3C87 /* ECGroupCell.m in Sources */,
				F8E3BEE8158F1F9100467088 /* UserBean+IMeeting.m in Sources */,
				F8FA19731591E73100947304 /* ECGroupVideoView.m in Sources */,
				F8FA19761591E76700947304 /* ECGroupVideoViewController.m in Sources */,
				F8EED883159457420072FD39 /* ECGroupAttendeeListView.m in Sources */,
				F8EED8871594575B0072FD39 /* ECGroupAttendeeListViewController.m in Sources */,
				F8E58F7E1597F9A200CC2F1C /* ECGroupManager.m in Sources */,
				F8E58F821597FA2A00CC2F1C /* ECGroupModule.m in Sources */,
			);
			runOnlyForDeploymentPostprocessing = 0;
		};
		F863C873157C61320045C08C /* Sources */ = {
			isa = PBXSourcesBuildPhase;
			buildActionMask = 2147483647;
			files = (
				F863C887157C61320045C08C /* imeeting_iphoneTests.m in Sources */,
			);
			runOnlyForDeploymentPostprocessing = 0;
		};
/* End PBXSourcesBuildPhase section */

/* Begin PBXTargetDependency section */
		F863C87E157C61320045C08C /* PBXTargetDependency */ = {
			isa = PBXTargetDependency;
			target = F863C85C157C61320045C08C /* imeeting_iphone */;
			targetProxy = F863C87D157C61320045C08C /* PBXContainerItemProxy */;
		};
/* End PBXTargetDependency section */

/* Begin PBXVariantGroup section */
		F863C86A157C61320045C08C /* InfoPlist.strings */ = {
			isa = PBXVariantGroup;
			children = (
				F863C86B157C61320045C08C /* en */,
				F863C892157C62170045C08C /* zh-Hans */,
			);
			name = InfoPlist.strings;
			sourceTree = "<group>";
		};
		F863C882157C61320045C08C /* InfoPlist.strings */ = {
			isa = PBXVariantGroup;
			children = (
				F863C883157C61320045C08C /* en */,
				F863C893157C62170045C08C /* zh-Hans */,
			);
			name = InfoPlist.strings;
			sourceTree = "<group>";
		};
		F863C894157C65250045C08C /* Localizable.strings */ = {
			isa = PBXVariantGroup;
			children = (
				F863C895157C65250045C08C /* zh-Hans */,
				F8039AA6157C65B4005903AC /* en */,
			);
			name = Localizable.strings;
			sourceTree = "<group>";
		};
/* End PBXVariantGroup section */

/* Begin XCBuildConfiguration section */
		F863C888157C61320045C08C /* Debug */ = {
			isa = XCBuildConfiguration;
			buildSettings = {
				ALWAYS_SEARCH_USER_PATHS = NO;
				ARCHS = "$(ARCHS_STANDARD_32_BIT)";
				CLANG_ENABLE_OBJC_ARC = YES;
				"CODE_SIGN_IDENTITY[sdk=iphoneos*]" = "iPhone Developer";
				COPY_PHASE_STRIP = NO;
				GCC_C_LANGUAGE_STANDARD = gnu99;
				GCC_DYNAMIC_NO_PIC = NO;
				GCC_OPTIMIZATION_LEVEL = 0;
				GCC_PREPROCESSOR_DEFINITIONS = (
					"DEBUG=1",
					"$(inherited)",
				);
				GCC_SYMBOLS_PRIVATE_EXTERN = NO;
				GCC_VERSION = com.apple.compilers.llvm.clang.1_0;
				GCC_WARN_ABOUT_RETURN_TYPE = YES;
				GCC_WARN_UNINITIALIZED_AUTOS = YES;
				GCC_WARN_UNUSED_VARIABLE = YES;
				IPHONEOS_DEPLOYMENT_TARGET = 4.2;
				SDKROOT = iphoneos;
			};
			name = Debug;
		};
		F863C889157C61320045C08C /* Release */ = {
			isa = XCBuildConfiguration;
			buildSettings = {
				ALWAYS_SEARCH_USER_PATHS = NO;
				ARCHS = "$(ARCHS_STANDARD_32_BIT)";
				CLANG_ENABLE_OBJC_ARC = YES;
				"CODE_SIGN_IDENTITY[sdk=iphoneos*]" = "iPhone Developer";
				COPY_PHASE_STRIP = YES;
				GCC_C_LANGUAGE_STANDARD = gnu99;
				GCC_VERSION = com.apple.compilers.llvm.clang.1_0;
				GCC_WARN_ABOUT_RETURN_TYPE = YES;
				GCC_WARN_UNINITIALIZED_AUTOS = YES;
				GCC_WARN_UNUSED_VARIABLE = YES;
				IPHONEOS_DEPLOYMENT_TARGET = 4.2;
				OTHER_CFLAGS = "-DNS_BLOCK_ASSERTIONS=1";
				SDKROOT = iphoneos;
				VALIDATE_PRODUCT = YES;
			};
			name = Release;
		};
		F863C88B157C61320045C08C /* Debug */ = {
			isa = XCBuildConfiguration;
			buildSettings = {
				FRAMEWORK_SEARCH_PATHS = (
					"$(inherited)",
					"\"$(SRCROOT)/../Build/Products/Debug-iphonesimulator\"",
					"\"$(SRCROOT)/../../../../Downloads\"",
				);
				GCC_PRECOMPILE_PREFIX_HEADER = YES;
				GCC_PREFIX_HEADER = "imeeting_iphone/imeeting_iphone-Prefix.pch";
				HEADER_SEARCH_PATHS = "";
				INFOPLIST_FILE = "imeeting_iphone/imeeting_iphone-Info.plist";
				LIBRARY_SEARCH_PATHS = (
					"$(inherited)",
					"\"$(SRCROOT)/../Build/Products/Debug-iphonesimulator\"",
				);
				PRODUCT_NAME = "$(TARGET_NAME)";
				WRAPPER_EXTENSION = app;
			};
			name = Debug;
		};
		F863C88C157C61320045C08C /* Release */ = {
			isa = XCBuildConfiguration;
			buildSettings = {
				FRAMEWORK_SEARCH_PATHS = (
					"$(inherited)",
					"\"$(SRCROOT)/../Build/Products/Debug-iphonesimulator\"",
					"\"$(SRCROOT)/../../../../Downloads\"",
				);
				GCC_PRECOMPILE_PREFIX_HEADER = YES;
				GCC_PREFIX_HEADER = "imeeting_iphone/imeeting_iphone-Prefix.pch";
				HEADER_SEARCH_PATHS = "";
				INFOPLIST_FILE = "imeeting_iphone/imeeting_iphone-Info.plist";
				LIBRARY_SEARCH_PATHS = (
					"$(inherited)",
					"\"$(SRCROOT)/../Build/Products/Debug-iphonesimulator\"",
				);
				PRODUCT_NAME = "$(TARGET_NAME)";
				WRAPPER_EXTENSION = app;
			};
			name = Release;
		};
		F863C88E157C61320045C08C /* Debug */ = {
			isa = XCBuildConfiguration;
			buildSettings = {
				BUNDLE_LOADER = "$(BUILT_PRODUCTS_DIR)/imeeting_iphone.app/imeeting_iphone";
				FRAMEWORK_SEARCH_PATHS = (
					"$(SDKROOT)/Developer/Library/Frameworks",
					"$(DEVELOPER_LIBRARY_DIR)/Frameworks",
				);
				GCC_PRECOMPILE_PREFIX_HEADER = YES;
				GCC_PREFIX_HEADER = "imeeting_iphone/imeeting_iphone-Prefix.pch";
				INFOPLIST_FILE = "imeeting_iphoneTests/imeeting_iphoneTests-Info.plist";
				PRODUCT_NAME = "$(TARGET_NAME)";
				TEST_HOST = "$(BUNDLE_LOADER)";
				WRAPPER_EXTENSION = octest;
			};
			name = Debug;
		};
		F863C88F157C61320045C08C /* Release */ = {
			isa = XCBuildConfiguration;
			buildSettings = {
				BUNDLE_LOADER = "$(BUILT_PRODUCTS_DIR)/imeeting_iphone.app/imeeting_iphone";
				FRAMEWORK_SEARCH_PATHS = (
					"$(SDKROOT)/Developer/Library/Frameworks",
					"$(DEVELOPER_LIBRARY_DIR)/Frameworks",
				);
				GCC_PRECOMPILE_PREFIX_HEADER = YES;
				GCC_PREFIX_HEADER = "imeeting_iphone/imeeting_iphone-Prefix.pch";
				INFOPLIST_FILE = "imeeting_iphoneTests/imeeting_iphoneTests-Info.plist";
				PRODUCT_NAME = "$(TARGET_NAME)";
				TEST_HOST = "$(BUNDLE_LOADER)";
				WRAPPER_EXTENSION = octest;
			};
			name = Release;
		};
/* End XCBuildConfiguration section */

/* Begin XCConfigurationList section */
		F863C857157C61320045C08C /* Build configuration list for PBXProject "imeeting_iphone" */ = {
			isa = XCConfigurationList;
			buildConfigurations = (
				F863C888157C61320045C08C /* Debug */,
				F863C889157C61320045C08C /* Release */,
			);
			defaultConfigurationIsVisible = 0;
			defaultConfigurationName = Release;
		};
		F863C88A157C61320045C08C /* Build configuration list for PBXNativeTarget "imeeting_iphone" */ = {
			isa = XCConfigurationList;
			buildConfigurations = (
				F863C88B157C61320045C08C /* Debug */,
				F863C88C157C61320045C08C /* Release */,
			);
			defaultConfigurationIsVisible = 0;
			defaultConfigurationName = Release;
		};
		F863C88D157C61320045C08C /* Build configuration list for PBXNativeTarget "imeeting_iphoneTests" */ = {
			isa = XCConfigurationList;
			buildConfigurations = (
				F863C88E157C61320045C08C /* Debug */,
				F863C88F157C61320045C08C /* Release */,
			);
			defaultConfigurationIsVisible = 0;
			defaultConfigurationName = Release;
		};
/* End XCConfigurationList section */
	};
	rootObject = F863C854157C61320045C08C /* Project object */;
}
